
Microsoft Visual Studio Solution File, Format Version 12.00
# Visual Studio Version 17
VisualStudioVersion = 17.10.34928.147
MinimumVisualStudioVersion = 10.0.40219.1
Project("{9A19103F-16F7-4668-BE54-9A1E7A4F7556}") = "Results", "src\Result\Results.csproj", "{B3C7AB66-57CD-47FB-9243-DC7590E053C1}"
EndProject
Project("{9A19103F-16F7-4668-BE54-9A1E7A4F7556}") = "Results.Tests", "test\Results.Tests\Results.Tests.csproj", "{AE7EB1A4-D281-42EA-B870-6C4805590D5B}"
EndProject
Project("{2150E333-8FDC-42A3-9474-1A3956D46DE8}") = "Solution Items", "Solution Items", "{AD6CC8FE-09CE-4EBC-BBCF-0AD67E63E6D5}"
	ProjectSection(SolutionItems) = preProject
		README.md = README.md
	EndProjectSection
EndProject
Global
	GlobalSection(SolutionConfigurationPlatforms) = preSolution
		Debug|Any CPU = Debug|Any CPU
		Release|Any CPU = Release|Any CPU
	EndGlobalSection
	GlobalSection(ProjectConfigurationPlatforms) = postSolution
		{B3C7AB66-57CD-47FB-9243-DC7590E053C1}.Debug|Any CPU.ActiveCfg = Debug|Any CPU
		{B3C7AB66-57CD-47FB-9243-DC7590E053C1}.Debug|Any CPU.Build.0 = Debug|Any CPU
		{B3C7AB66-57CD-47FB-9243-DC7590E053C1}.Release|Any CPU.ActiveCfg = Release|Any CPU
		{B3C7AB66-57CD-47FB-9243-DC7590E053C1}.Release|Any CPU.Build.0 = Release|Any CPU
		{AE7EB1A4-D281-42EA-B870-6C4805590D5B}.Debug|Any CPU.ActiveCfg = Debug|Any CPU
		{AE7EB1A4-D281-42EA-B870-6C4805590D5B}.Debug|Any CPU.Build.0 = Debug|Any CPU
		{AE7EB1A4-D281-42EA-B870-6C4805590D5B}.Release|Any CPU.ActiveCfg = Release|Any CPU
		{AE7EB1A4-D281-42EA-B870-6C4805590D5B}.Release|Any CPU.Build.0 = Release|Any CPU
	EndGlobalSection
	GlobalSection(SolutionProperties) = preSolution
		HideSolutionNode = FALSE
	EndGlobalSection
	GlobalSection(ExtensibilityGlobals) = postSolution
		SolutionGuid = {545B076C-C73D-4D2D-B561-1731893D7E04}
	EndGlobalSection
EndGlobal
